
Microsoft Visual Studio Solution File, Format Version 12.00
# Visual Studio Version 17
VisualStudioVersion = 17.2.32630.192
MinimumVisualStudioVersion = 10.0.40219.1
Project("{9A19103F-16F7-4668-BE54-9A1E7A4F7556}") = "VirtualPDrive", "VirtualPDrive\VirtualPDrive.csproj", "{E69ACFD1-26F0-4354-8587-812EB2F1D3B0}"
EndProject
Project("{9A19103F-16F7-4668-BE54-9A1E7A4F7556}") = "VirtualMemoryProvider", "VirtualMemoryProvider\VirtualMemoryProvider.csproj", "{9E25DDB8-D6A0-42AD-B3AF-AB22D8140DCD}"
EndProject
Project("{8BC9CEB8-8B4A-11D0-8D11-00A0C91BC942}") = "ProjectedFSLib.Managed", "ProjectedFSLib.Managed.API\NetFramework\ProjectedFSLib.Managed.vcxproj", "{4E5F40B3-B56F-4B62-92CB-68E7E0E36AFA}"
EndProject
Project("{2150E333-8FDC-42A3-9474-1A3956D46DE8}") = "1. sln", "1. sln", "{EBB919DF-5B76-4AF8-A607-149BD129FBFF}"
	ProjectSection(SolutionItems) = preProject
		.gitignore = .gitignore
		LICENSE.txt = LICENSE.txt
		README.md = README.md
	EndProjectSection
EndProject
Project("{FAE04EC0-301F-11D3-BF4B-00C04F79EFBC}") = "VirtualPDrive.WCF", "VirtualPDrive.WCF\VirtualPDrive.WCF.csproj", "{926E092E-C3F6-433C-A636-0383954D4B6C}"
EndProject
Project("{FAE04EC0-301F-11D3-BF4B-00C04F79EFBC}") = "VirtualPDrive.Core", "VirtualPDrive.Core\VirtualPDrive.Core.csproj", "{9B852CA6-BF60-4E4C-A54C-3E7CDD7E91BC}"
EndProject
Project("{FAE04EC0-301F-11D3-BF4B-00C04F79EFBC}") = "VirtualPDrive.WCF.Host", "VirtualPDrive.WCF.Host\VirtualPDrive.WCF.Host.csproj", "{71777366-C208-4069-AC3B-FE1B1AFC5A34}"
EndProject
Global
	GlobalSection(SolutionConfigurationPlatforms) = preSolution
		Debug|Any CPU = Debug|Any CPU
		Debug|x64 = Debug|x64
		Release|Any CPU = Release|Any CPU
		Release|x64 = Release|x64
	EndGlobalSection
	GlobalSection(ProjectConfigurationPlatforms) = postSolution
		{E69ACFD1-26F0-4354-8587-812EB2F1D3B0}.Debug|Any CPU.ActiveCfg = Debug|Any CPU
		{E69ACFD1-26F0-4354-8587-812EB2F1D3B0}.Debug|Any CPU.Build.0 = Debug|Any CPU
		{E69ACFD1-26F0-4354-8587-812EB2F1D3B0}.Debug|x64.ActiveCfg = Debug|Any CPU
		{E69ACFD1-26F0-4354-8587-812EB2F1D3B0}.Debug|x64.Build.0 = Debug|Any CPU
		{E69ACFD1-26F0-4354-8587-812EB2F1D3B0}.Release|Any CPU.ActiveCfg = Release|Any CPU
		{E69ACFD1-26F0-4354-8587-812EB2F1D3B0}.Release|Any CPU.Build.0 = Release|Any CPU
		{E69ACFD1-26F0-4354-8587-812EB2F1D3B0}.Release|x64.ActiveCfg = Release|Any CPU
		{E69ACFD1-26F0-4354-8587-812EB2F1D3B0}.Release|x64.Build.0 = Release|Any CPU
		{9E25DDB8-D6A0-42AD-B3AF-AB22D8140DCD}.Debug|Any CPU.ActiveCfg = Debug|Any CPU
		{9E25DDB8-D6A0-42AD-B3AF-AB22D8140DCD}.Debug|Any CPU.Build.0 = Debug|Any CPU
		{9E25DDB8-D6A0-42AD-B3AF-AB22D8140DCD}.Debug|x64.ActiveCfg = Debug|Any CPU
		{9E25DDB8-D6A0-42AD-B3AF-AB22D8140DCD}.Debug|x64.Build.0 = Debug|Any CPU
		{9E25DDB8-D6A0-42AD-B3AF-AB22D8140DCD}.Release|Any CPU.ActiveCfg = Release|Any CPU
		{9E25DDB8-D6A0-42AD-B3AF-AB22D8140DCD}.Release|Any CPU.Build.0 = Release|Any CPU
		{9E25DDB8-D6A0-42AD-B3AF-AB22D8140DCD}.Release|x64.ActiveCfg = Release|Any CPU
		{9E25DDB8-D6A0-42AD-B3AF-AB22D8140DCD}.Release|x64.Build.0 = Release|Any CPU
		{4E5F40B3-B56F-4B62-92CB-68E7E0E36AFA}.Debug|Any CPU.ActiveCfg = Debug|x64
		{4E5F40B3-B56F-4B62-92CB-68E7E0E36AFA}.Debug|Any CPU.Build.0 = Debug|x64
		{4E5F40B3-B56F-4B62-92CB-68E7E0E36AFA}.Debug|x64.ActiveCfg = Debug|x64
		{4E5F40B3-B56F-4B62-92CB-68E7E0E36AFA}.Debug|x64.Build.0 = Debug|x64
		{4E5F40B3-B56F-4B62-92CB-68E7E0E36AFA}.Release|Any CPU.ActiveCfg = Release|x64
		{4E5F40B3-B56F-4B62-92CB-68E7E0E36AFA}.Release|Any CPU.Build.0 = Release|x64
		{4E5F40B3-B56F-4B62-92CB-68E7E0E36AFA}.Release|x64.ActiveCfg = Release|x64
		{4E5F40B3-B56F-4B62-92CB-68E7E0E36AFA}.Release|x64.Build.0 = Release|x64
		{926E092E-C3F6-433C-A636-0383954D4B6C}.Debug|Any CPU.ActiveCfg = Debug|Any CPU
		{926E092E-C3F6-433C-A636-0383954D4B6C}.Debug|Any CPU.Build.0 = Debug|Any CPU
		{926E092E-C3F6-433C-A636-0383954D4B6C}.Debug|x64.ActiveCfg = Debug|Any CPU
		{926E092E-C3F6-433C-A636-0383954D4B6C}.Debug|x64.Build.0 = Debug|Any CPU
		{926E092E-C3F6-433C-A636-0383954D4B6C}.Release|Any CPU.ActiveCfg = Release|Any CPU
		{926E092E-C3F6-433C-A636-0383954D4B6C}.Release|Any CPU.Build.0 = Release|Any CPU
		{926E092E-C3F6-433C-A636-0383954D4B6C}.Release|x64.ActiveCfg = Release|Any CPU
		{926E092E-C3F6-433C-A636-0383954D4B6C}.Release|x64.Build.0 = Release|Any CPU
		{9B852CA6-BF60-4E4C-A54C-3E7CDD7E91BC}.Debug|Any CPU.ActiveCfg = Debug|Any CPU
		{9B852CA6-BF60-4E4C-A54C-3E7CDD7E91BC}.Debug|Any CPU.Build.0 = Debug|Any CPU
		{9B852CA6-BF60-4E4C-A54C-3E7CDD7E91BC}.Debug|x64.ActiveCfg = Debug|Any CPU
		{9B852CA6-BF60-4E4C-A54C-3E7CDD7E91BC}.Debug|x64.Build.0 = Debug|Any CPU
		{9B852CA6-BF60-4E4C-A54C-3E7CDD7E91BC}.Release|Any CPU.ActiveCfg = Release|Any CPU
		{9B852CA6-BF60-4E4C-A54C-3E7CDD7E91BC}.Release|Any CPU.Build.0 = Release|Any CPU
		{9B852CA6-BF60-4E4C-A54C-3E7CDD7E91BC}.Release|x64.ActiveCfg = Release|Any CPU
		{9B852CA6-BF60-4E4C-A54C-3E7CDD7E91BC}.Release|x64.Build.0 = Release|Any CPU
		{71777366-C208-4069-AC3B-FE1B1AFC5A34}.Debug|Any CPU.ActiveCfg = Debug|Any CPU
		{71777366-C208-4069-AC3B-FE1B1AFC5A34}.Debug|Any CPU.Build.0 = Debug|Any CPU
		{71777366-C208-4069-AC3B-FE1B1AFC5A34}.Debug|x64.ActiveCfg = Debug|Any CPU
		{71777366-C208-4069-AC3B-FE1B1AFC5A34}.Debug|x64.Build.0 = Debug|Any CPU
		{71777366-C208-4069-AC3B-FE1B1AFC5A34}.Release|Any CPU.ActiveCfg = Release|Any CPU
		{71777366-C208-4069-AC3B-FE1B1AFC5A34}.Release|Any CPU.Build.0 = Release|Any CPU
		{71777366-C208-4069-AC3B-FE1B1AFC5A34}.Release|x64.ActiveCfg = Release|Any CPU
		{71777366-C208-4069-AC3B-FE1B1AFC5A34}.Release|x64.Build.0 = Release|Any CPU
	EndGlobalSection
	GlobalSection(SolutionProperties) = preSolution
		HideSolutionNode = FALSE
	EndGlobalSection
	GlobalSection(ExtensibilityGlobals) = postSolution
		SolutionGuid = {3DBB814F-F12E-49DC-9EE7-4E58121C288A}
	EndGlobalSection
EndGlobal
