
Microsoft Visual Studio Solution File, Format Version 12.00
# Visual Studio Version 17
VisualStudioVersion = 17.2.32630.192
MinimumVisualStudioVersion = 10.0.40219.1
Project("{9A19103F-16F7-4668-BE54-9A1E7A4F7556}") = "VirtualMemoryProvider", "VirtualMemoryProvider\VirtualMemoryProvider.csproj", "{9E25DDB8-D6A0-42AD-B3AF-AB22D8140DCD}"
EndProject
Project("{8BC9CEB8-8B4A-11D0-8D11-00A0C91BC942}") = "ProjectedFSLib.Managed", "ProjectedFSLib.Managed.API\NetFramework\ProjectedFSLib.Managed.vcxproj", "{4E5F40B3-B56F-4B62-92CB-68E7E0E36AFA}"
EndProject
Project("{2150E333-8FDC-42A3-9474-1A3956D46DE8}") = "1. sln", "1. sln", "{EBB919DF-5B76-4AF8-A607-149BD129FBFF}"
	ProjectSection(SolutionItems) = preProject
		.gitignore = .gitignore
		LICENSE.txt = LICENSE.txt
		README.md = README.md
	EndProjectSection
EndProject
Project("{9A19103F-16F7-4668-BE54-9A1E7A4F7556}") = "VirtualPDrive.API", "VirtualPDrive.API\VirtualPDrive.API.csproj", "{0F2C2A60-FEC4-4EC0-ADB3-9866B17B1A2B}"
EndProject
Project("{9A19103F-16F7-4668-BE54-9A1E7A4F7556}") = "VirtualPDrive.Runner", "VirtualPDrive.Runner\VirtualPDrive.Runner.csproj", "{516F8BE0-BE21-408D-AA1C-55E7668F9F96}"
EndProject
Project("{9A19103F-16F7-4668-BE54-9A1E7A4F7556}") = "VirtualPDrive", "VirtualPDrive\VirtualPDrive.csproj", "{9728B48C-4AC9-4624-92EB-DE840239AF4B}"
EndProject
Project("{FAE04EC0-301F-11D3-BF4B-00C04F79EFBC}") = "SwiftPbo", "SwiftPBO\SwiftPbo\SwiftPbo.csproj", "{8688A0F5-A404-4707-B98B-563213964E72}"
EndProject
Global
	GlobalSection(SolutionConfigurationPlatforms) = preSolution
		Debug|Any CPU = Debug|Any CPU
		Debug|x64 = Debug|x64
		Release|Any CPU = Release|Any CPU
		Release|x64 = Release|x64
	EndGlobalSection
	GlobalSection(ProjectConfigurationPlatforms) = postSolution
		{9E25DDB8-D6A0-42AD-B3AF-AB22D8140DCD}.Debug|Any CPU.ActiveCfg = Debug|Any CPU
		{9E25DDB8-D6A0-42AD-B3AF-AB22D8140DCD}.Debug|Any CPU.Build.0 = Debug|Any CPU
		{9E25DDB8-D6A0-42AD-B3AF-AB22D8140DCD}.Debug|x64.ActiveCfg = Debug|Any CPU
		{9E25DDB8-D6A0-42AD-B3AF-AB22D8140DCD}.Debug|x64.Build.0 = Debug|Any CPU
		{9E25DDB8-D6A0-42AD-B3AF-AB22D8140DCD}.Release|Any CPU.ActiveCfg = Release|Any CPU
		{9E25DDB8-D6A0-42AD-B3AF-AB22D8140DCD}.Release|Any CPU.Build.0 = Release|Any CPU
		{9E25DDB8-D6A0-42AD-B3AF-AB22D8140DCD}.Release|x64.ActiveCfg = Release|Any CPU
		{9E25DDB8-D6A0-42AD-B3AF-AB22D8140DCD}.Release|x64.Build.0 = Release|Any CPU
		{4E5F40B3-B56F-4B62-92CB-68E7E0E36AFA}.Debug|Any CPU.ActiveCfg = Debug|x64
		{4E5F40B3-B56F-4B62-92CB-68E7E0E36AFA}.Debug|Any CPU.Build.0 = Debug|x64
		{4E5F40B3-B56F-4B62-92CB-68E7E0E36AFA}.Debug|x64.ActiveCfg = Debug|x64
		{4E5F40B3-B56F-4B62-92CB-68E7E0E36AFA}.Debug|x64.Build.0 = Debug|x64
		{4E5F40B3-B56F-4B62-92CB-68E7E0E36AFA}.Release|Any CPU.ActiveCfg = Release|x64
		{4E5F40B3-B56F-4B62-92CB-68E7E0E36AFA}.Release|Any CPU.Build.0 = Release|x64
		{4E5F40B3-B56F-4B62-92CB-68E7E0E36AFA}.Release|x64.ActiveCfg = Release|x64
		{4E5F40B3-B56F-4B62-92CB-68E7E0E36AFA}.Release|x64.Build.0 = Release|x64
		{0F2C2A60-FEC4-4EC0-ADB3-9866B17B1A2B}.Debug|Any CPU.ActiveCfg = Debug|Any CPU
		{0F2C2A60-FEC4-4EC0-ADB3-9866B17B1A2B}.Debug|Any CPU.Build.0 = Debug|Any CPU
		{0F2C2A60-FEC4-4EC0-ADB3-9866B17B1A2B}.Debug|x64.ActiveCfg = Debug|Any CPU
		{0F2C2A60-FEC4-4EC0-ADB3-9866B17B1A2B}.Debug|x64.Build.0 = Debug|Any CPU
		{0F2C2A60-FEC4-4EC0-ADB3-9866B17B1A2B}.Release|Any CPU.ActiveCfg = Release|Any CPU
		{0F2C2A60-FEC4-4EC0-ADB3-9866B17B1A2B}.Release|Any CPU.Build.0 = Release|Any CPU
		{0F2C2A60-FEC4-4EC0-ADB3-9866B17B1A2B}.Release|x64.ActiveCfg = Release|Any CPU
		{0F2C2A60-FEC4-4EC0-ADB3-9866B17B1A2B}.Release|x64.Build.0 = Release|Any CPU
		{516F8BE0-BE21-408D-AA1C-55E7668F9F96}.Debug|Any CPU.ActiveCfg = Debug|Any CPU
		{516F8BE0-BE21-408D-AA1C-55E7668F9F96}.Debug|Any CPU.Build.0 = Debug|Any CPU
		{516F8BE0-BE21-408D-AA1C-55E7668F9F96}.Debug|x64.ActiveCfg = Debug|Any CPU
		{516F8BE0-BE21-408D-AA1C-55E7668F9F96}.Debug|x64.Build.0 = Debug|Any CPU
		{516F8BE0-BE21-408D-AA1C-55E7668F9F96}.Release|Any CPU.ActiveCfg = Release|Any CPU
		{516F8BE0-BE21-408D-AA1C-55E7668F9F96}.Release|Any CPU.Build.0 = Release|Any CPU
		{516F8BE0-BE21-408D-AA1C-55E7668F9F96}.Release|x64.ActiveCfg = Release|Any CPU
		{516F8BE0-BE21-408D-AA1C-55E7668F9F96}.Release|x64.Build.0 = Release|Any CPU
		{9728B48C-4AC9-4624-92EB-DE840239AF4B}.Debug|Any CPU.ActiveCfg = Debug|Any CPU
		{9728B48C-4AC9-4624-92EB-DE840239AF4B}.Debug|Any CPU.Build.0 = Debug|Any CPU
		{9728B48C-4AC9-4624-92EB-DE840239AF4B}.Debug|x64.ActiveCfg = Debug|Any CPU
		{9728B48C-4AC9-4624-92EB-DE840239AF4B}.Debug|x64.Build.0 = Debug|Any CPU
		{9728B48C-4AC9-4624-92EB-DE840239AF4B}.Release|Any CPU.ActiveCfg = Release|Any CPU
		{9728B48C-4AC9-4624-92EB-DE840239AF4B}.Release|Any CPU.Build.0 = Release|Any CPU
		{9728B48C-4AC9-4624-92EB-DE840239AF4B}.Release|x64.ActiveCfg = Release|Any CPU
		{9728B48C-4AC9-4624-92EB-DE840239AF4B}.Release|x64.Build.0 = Release|Any CPU
		{8688A0F5-A404-4707-B98B-563213964E72}.Debug|Any CPU.ActiveCfg = Debug|Any CPU
		{8688A0F5-A404-4707-B98B-563213964E72}.Debug|Any CPU.Build.0 = Debug|Any CPU
		{8688A0F5-A404-4707-B98B-563213964E72}.Debug|x64.ActiveCfg = Debug|Any CPU
		{8688A0F5-A404-4707-B98B-563213964E72}.Debug|x64.Build.0 = Debug|Any CPU
		{8688A0F5-A404-4707-B98B-563213964E72}.Release|Any CPU.ActiveCfg = Release|Any CPU
		{8688A0F5-A404-4707-B98B-563213964E72}.Release|Any CPU.Build.0 = Release|Any CPU
		{8688A0F5-A404-4707-B98B-563213964E72}.Release|x64.ActiveCfg = Release|Any CPU
		{8688A0F5-A404-4707-B98B-563213964E72}.Release|x64.Build.0 = Release|Any CPU
	EndGlobalSection
	GlobalSection(SolutionProperties) = preSolution
		HideSolutionNode = FALSE
	EndGlobalSection
	GlobalSection(ExtensibilityGlobals) = postSolution
		SolutionGuid = {3DBB814F-F12E-49DC-9EE7-4E58121C288A}
	EndGlobalSection
EndGlobal
